{
  "name": "tinymce-test",
  "version": "1.0.0",
  "lockfileVersion": 1,
  "requires": true,
  "dependencies": {
    "@dimakorotkov/tinymce-mathjax": {
      "version": "1.0.6",
      "resolved": "https://registry.npmjs.org/@dimakorotkov/tinymce-mathjax/-/tinymce-mathjax-1.0.6.tgz",
      "integrity": "sha512-MmXDQ3jdVSoSYQY2CVE+vnz+OUsDExaudn7hZkeCdnLr6FLfVlgI5aLE48tu4IUXhF3JtDy18pRHvk7BC96WEA=="
    },
    "jquery": {
      "version": "3.5.1",
      "resolved": "https://registry.npmjs.org/jquery/-/jquery-3.5.1.tgz",
      "integrity": "sha512-XwIBPqcMn57FxfT+Go5pzySnm4KWkT1Tv7gjrpT1srtf8Weynl6R273VJ5GjkRb51IzMp5nbaPjJXMWeju2MKg=="
    },
    "mathjax": {
      "version": "3.1.2",
      "resolved": "https://registry.npmjs.org/mathjax/-/mathjax-3.1.2.tgz",
      "integrity": "sha512-BojKspBv4nNWzO1wC6VEI+g9gHDOhkaGHGgLxXkasdU4pwjdO5AXD5M/wcLPkXYPjZ/N+6sU8rjQTlyvN2cWiQ=="
    },
    "tinymce": {
      "version": "5.6.2",
      "resolved": "https://registry.npmjs.org/tinymce/-/tinymce-5.6.2.tgz",
      "integrity": "sha512-z7zvM5seOPiW86/vqf08kStwW5Zs5U9oQfuqh2rTj4jEcT2QzxT0v72i2zw3W6rbTLldkAej6edFZphj5ee5zg=="
    }
  }
}
